
Microsoft Visual Studio Solution File, Format Version 11.00
# Visual Studio 2010
Project("{FAE04EC0-301F-11D3-BF4B-00C04F79EFBC}") = "Prototype.AndroidOpenAccessory.Fez.HelloFez", "Prototype.AndroidOpenAccessory.Fez.HelloFez.csproj", "{2999A0DE-8CF6-49E5-BF40-163387786FF4}"
EndProject
Project("{FAE04EC0-301F-11D3-BF4B-00C04F79EFBC}") = "Prototype.AndroidOpenAccessory.Fez", "..\Prototype.AndroidOpenAccessory.Fez\Prototype.AndroidOpenAccessory.Fez.csproj", "{E9A87B5C-4759-45F7-ABF3-79A00995D449}"
EndProject
Global
	GlobalSection(SolutionConfigurationPlatforms) = preSolution
		Debug|Any CPU = Debug|Any CPU
		Release|Any CPU = Release|Any CPU
	EndGlobalSection
	GlobalSection(ProjectConfigurationPlatforms) = postSolution
		{2999A0DE-8CF6-49E5-BF40-163387786FF4}.Debug|Any CPU.ActiveCfg = Debug|Any CPU
		{2999A0DE-8CF6-49E5-BF40-163387786FF4}.Debug|Any CPU.Build.0 = Debug|Any CPU
		{2999A0DE-8CF6-49E5-BF40-163387786FF4}.Debug|Any CPU.Deploy.0 = Debug|Any CPU
		{2999A0DE-8CF6-49E5-BF40-163387786FF4}.Release|Any CPU.ActiveCfg = Release|Any CPU
		{2999A0DE-8CF6-49E5-BF40-163387786FF4}.Release|Any CPU.Build.0 = Release|Any CPU
		{2999A0DE-8CF6-49E5-BF40-163387786FF4}.Release|Any CPU.Deploy.0 = Release|Any CPU
		{E9A87B5C-4759-45F7-ABF3-79A00995D449}.Debug|Any CPU.ActiveCfg = Debug|Any CPU
		{E9A87B5C-4759-45F7-ABF3-79A00995D449}.Debug|Any CPU.Build.0 = Debug|Any CPU
		{E9A87B5C-4759-45F7-ABF3-79A00995D449}.Release|Any CPU.ActiveCfg = Release|Any CPU
		{E9A87B5C-4759-45F7-ABF3-79A00995D449}.Release|Any CPU.Build.0 = Release|Any CPU
	EndGlobalSection
	GlobalSection(SolutionProperties) = preSolution
		HideSolutionNode = FALSE
	EndGlobalSection
EndGlobal
